
Microsoft Visual Studio Solution File, Format Version 12.00
# Visual Studio Version 16
VisualStudioVersion = 16.0.33214.272
MinimumVisualStudioVersion = 10.0.40219.1
Project("{FAE04EC0-301F-11D3-BF4B-00C04F79EFBC}") = "FormTeste", "FormTeste\FormTeste.csproj", "{F18A5794-A136-4047-89ED-7825FDDFF6C3}"
EndProject
Global
	GlobalSection(SolutionConfigurationPlatforms) = preSolution
		Debug|Any CPU = Debug|Any CPU
		Release|Any CPU = Release|Any CPU
	EndGlobalSection
	GlobalSection(ProjectConfigurationPlatforms) = postSolution
		{F18A5794-A136-4047-89ED-7825FDDFF6C3}.Debug|Any CPU.ActiveCfg = Debug|Any CPU
		{F18A5794-A136-4047-89ED-7825FDDFF6C3}.Debug|Any CPU.Build.0 = Debug|Any CPU
		{F18A5794-A136-4047-89ED-7825FDDFF6C3}.Release|Any CPU.ActiveCfg = Release|Any CPU
		{F18A5794-A136-4047-89ED-7825FDDFF6C3}.Release|Any CPU.Build.0 = Release|Any CPU
	EndGlobalSection
	GlobalSection(SolutionProperties) = preSolution
		HideSolutionNode = FALSE
	EndGlobalSection
	GlobalSection(ExtensibilityGlobals) = postSolution
		SolutionGuid = {5CE54993-3C46-4AA1-9959-3F59FB62FA63}
	EndGlobalSection
EndGlobal
