
Microsoft Visual Studio Solution File, Format Version 12.00
# Visual Studio Version 16
VisualStudioVersion = 16.0.31613.86
MinimumVisualStudioVersion = 10.0.40219.1
Project("{9A19103F-16F7-4668-BE54-9A1E7A4F7556}") = "aula_16", "primeiro_prj\aula_16.csproj", "{EBDB0077-173D-491B-BB24-50AE645D44EB}"
EndProject
Project("{9A19103F-16F7-4668-BE54-9A1E7A4F7556}") = "exe_resolv02", "exe_resolv02\exe_resolv02.csproj", "{61183A09-DB37-4A32-AE51-87F26BD66432}"
EndProject
Project("{9A19103F-16F7-4668-BE54-9A1E7A4F7556}") = "exe_resolv03", "exe_resolv03\exe_resolv03.csproj", "{3C12539F-E2AA-4DCD-B6A3-783B03BEAFAC}"
EndProject
Project("{9A19103F-16F7-4668-BE54-9A1E7A4F7556}") = "uri_1001", "uri_1001\uri_1001.csproj", "{93DD4BF3-B1DF-487D-899C-E0743DD4A302}"
EndProject
Project("{9A19103F-16F7-4668-BE54-9A1E7A4F7556}") = "uri_1008", "uri_1008\uri_1008.csproj", "{488FA546-593B-475C-93DA-DA450D50BE19}"
EndProject
Project("{9A19103F-16F7-4668-BE54-9A1E7A4F7556}") = "uri_1010", "uri_1010\uri_1010.csproj", "{5F8CA79A-B826-47D5-9FDA-ED8E68CD1BC7}"
EndProject
Project("{9A19103F-16F7-4668-BE54-9A1E7A4F7556}") = "uri_1014", "uri_1014\uri_1014.csproj", "{40B1013A-49DF-4BEF-B86C-1EFCB6F38CF0}"
EndProject
Project("{9A19103F-16F7-4668-BE54-9A1E7A4F7556}") = "uri_1016", "uri_1016\uri_1016.csproj", "{84E5EEAC-85D0-4D9A-A2E3-2C74868701D2}"
EndProject
Project("{9A19103F-16F7-4668-BE54-9A1E7A4F7556}") = "uri_1017", "uri_1017\uri_1017.csproj", "{4FD0606A-C4EB-4778-A95C-8BD355B46EC9}"
EndProject
Project("{9A19103F-16F7-4668-BE54-9A1E7A4F7556}") = "uri_1009", "uri_1009\uri_1009.csproj", "{61B3BE78-D46A-4C64-8868-0BB4A5BEB595}"
EndProject
Project("{9A19103F-16F7-4668-BE54-9A1E7A4F7556}") = "uri_1011", "uri_1011\uri_1011.csproj", "{63923544-3F22-4B0E-9F18-E96C58E72977}"
EndProject
Project("{9A19103F-16F7-4668-BE54-9A1E7A4F7556}") = "uri_1012", "uri_1012\uri_1012.csproj", "{A7E4E700-F478-4470-9067-DC25B751751B}"
EndProject
Project("{9A19103F-16F7-4668-BE54-9A1E7A4F7556}") = "uri_1020", "uri_1020\uri_1020.csproj", "{18CDE602-B65A-4C5A-8C25-0F5A30177EF1}"
EndProject
Project("{9A19103F-16F7-4668-BE54-9A1E7A4F7556}") = "uri_1061", "uri_1061\uri_1061.csproj", "{F9E19CCF-BC33-46ED-A4D9-74820AD9F90B}"
EndProject
Project("{9A19103F-16F7-4668-BE54-9A1E7A4F7556}") = "exe_aula35", "exe_aula35\exe_aula35.csproj", "{46B74B48-EFF8-4F90-AEA5-12942DAE2155}"
EndProject
Project("{9A19103F-16F7-4668-BE54-9A1E7A4F7556}") = "exe_aula36", "exe_aula36\exe_aula36.csproj", "{C830955D-F32C-49CD-8CD6-20D56C87D99F}"
EndProject
Project("{9A19103F-16F7-4668-BE54-9A1E7A4F7556}") = "exe_aula37", "exe_aula37\exe_aula37.csproj", "{D3DFB92D-7992-4922-9E8E-2CCACAAFFEDD}"
EndProject
Project("{9A19103F-16F7-4668-BE54-9A1E7A4F7556}") = "uri_1038", "uri_1038\uri_1038.csproj", "{5F9A2BFD-3E8E-4B4B-9D9B-61FACC9870F0}"
EndProject
Project("{9A19103F-16F7-4668-BE54-9A1E7A4F7556}") = "uri_1044", "uri_1044\uri_1044.csproj", "{13BA09EE-C533-454A-8105-BF3F35400935}"
EndProject
Project("{9A19103F-16F7-4668-BE54-9A1E7A4F7556}") = "uri_1046", "uri_1046\uri_1046.csproj", "{5823CF78-90E5-47F6-98A8-C55039C67D57}"
EndProject
Project("{9A19103F-16F7-4668-BE54-9A1E7A4F7556}") = "uri_1048", "uri_1048\uri_1048.csproj", "{053C35C7-8642-4CA2-84F1-65390941812D}"
EndProject
Project("{9A19103F-16F7-4668-BE54-9A1E7A4F7556}") = "uri_1037", "uri_1037\uri_1037.csproj", "{C18CA1E2-3CF6-483F-A2EE-0368987CFE13}"
EndProject
Project("{9A19103F-16F7-4668-BE54-9A1E7A4F7556}") = "uri_1040", "uri_1040\uri_1040.csproj", "{6AEE28FF-6844-49BF-B0D9-86406EE2C167}"
EndProject
Project("{9A19103F-16F7-4668-BE54-9A1E7A4F7556}") = "uri_1041", "uri_1041\uri_1041.csproj", "{7E97E44C-D0D2-484A-9613-C80BB542588C}"
EndProject
Project("{9A19103F-16F7-4668-BE54-9A1E7A4F7556}") = "uri_1045", "uri_1045\uri_1045.csproj", "{8BE9A57D-5F48-4B97-8FA2-DFA951B46BE2}"
EndProject
Project("{9A19103F-16F7-4668-BE54-9A1E7A4F7556}") = "uri_1051", "uri_1051\uri_1051.csproj", "{7094ED95-9E19-4622-B25C-D5BEE4B943C6}"
EndProject
Project("{9A19103F-16F7-4668-BE54-9A1E7A4F7556}") = "exe_aula40", "exe_aula40\exe_aula40.csproj", "{BC9F3062-BBC6-4306-8189-58BE2490366A}"
EndProject
Project("{9A19103F-16F7-4668-BE54-9A1E7A4F7556}") = "uri_1113", "uri_1113\uri_1113.csproj", "{09B506AE-5F97-46BE-9AEC-D47E7092393D}"
EndProject
Project("{9A19103F-16F7-4668-BE54-9A1E7A4F7556}") = "exe_aula44", "exe_aula44\exe_aula44.csproj", "{E8F65711-29CF-4714-9433-7DDF838B85FE}"
EndProject
Project("{9A19103F-16F7-4668-BE54-9A1E7A4F7556}") = "uri_1114", "uri_1114\uri_1114.csproj", "{BCEAB658-2131-4541-A761-B0FB63D453A3}"
EndProject
Project("{9A19103F-16F7-4668-BE54-9A1E7A4F7556}") = "uri_1115", "uri_1115\uri_1115.csproj", "{703AF945-BB70-40B9-8E27-7F27F1E29C9B}"
EndProject
Project("{9A19103F-16F7-4668-BE54-9A1E7A4F7556}") = "uri_1117", "uri_1117\uri_1117.csproj", "{09E185C2-FF3A-4175-BDC9-EC4D986F5C75}"
EndProject
Project("{9A19103F-16F7-4668-BE54-9A1E7A4F7556}") = "uri_1134", "uri_1134\uri_1134.csproj", "{28AF1505-607A-43BE-B290-6A4505877004}"
EndProject
Project("{9A19103F-16F7-4668-BE54-9A1E7A4F7556}") = "uri_1154", "uri_1154\uri_1154.csproj", "{6610369D-2C7A-462A-9F12-3F9F5481C633}"
EndProject
Project("{9A19103F-16F7-4668-BE54-9A1E7A4F7556}") = "uri_1159", "uri_1159\uri_1159.csproj", "{6FB42CC9-F8CC-46C5-8141-D7175CC3DE2B}"
EndProject
Project("{9A19103F-16F7-4668-BE54-9A1E7A4F7556}") = "uri_1118", "uri_1118\uri_1118.csproj", "{DEF5521B-F394-471E-85BE-639CFF1A5F7E}"
EndProject
Project("{9A19103F-16F7-4668-BE54-9A1E7A4F7556}") = "uri_1131", "uri_1131\uri_1131.csproj", "{C21FE5F0-DC63-45B4-B087-0348C067D2C0}"
EndProject
Project("{9A19103F-16F7-4668-BE54-9A1E7A4F7556}") = "uri_1078", "uri_1078\uri_1078.csproj", "{47ED613C-96F9-4660-8653-EA412AED8816}"
EndProject
Project("{9A19103F-16F7-4668-BE54-9A1E7A4F7556}") = "uri_1071", "uri_1071\uri_1071.csproj", "{BF4AB755-EF4C-4DB4-A08E-81B28C63F2DD}"
EndProject
Project("{9A19103F-16F7-4668-BE54-9A1E7A4F7556}") = "exe_aula51", "exe_aula51\exe_aula51.csproj", "{0C621D94-F5FA-4847-A7E7-935B5EC70824}"
EndProject
Project("{9A19103F-16F7-4668-BE54-9A1E7A4F7556}") = "uri_1067", "uri_1067\uri_1067.csproj", "{C8C53B20-C3C3-4ADC-A508-D384AED9EB44}"
EndProject
Project("{9A19103F-16F7-4668-BE54-9A1E7A4F7556}") = "uri_1072", "uri_1072\uri_1072.csproj", "{3D49B29D-6D32-4B24-90F8-D91844C14C41}"
EndProject
Project("{9A19103F-16F7-4668-BE54-9A1E7A4F7556}") = "uri_1073", "uri_1073\uri_1073.csproj", "{499827CD-E113-4FC5-82C6-9ACF9E7E9A2A}"
EndProject
Project("{9A19103F-16F7-4668-BE54-9A1E7A4F7556}") = "uri_1074", "uri_1074\uri_1074.csproj", "{2D585625-A638-4715-BFBB-C3C101FB4D6B}"
EndProject
Project("{9A19103F-16F7-4668-BE54-9A1E7A4F7556}") = "uri_1075", "uri_1075\uri_1075.csproj", "{B70CBDCB-87EA-4882-B15E-61B327082035}"
EndProject
Project("{9A19103F-16F7-4668-BE54-9A1E7A4F7556}") = "uri_1079", "uri_1079\uri_1079.csproj", "{10430D3B-2B2C-43C1-9B26-1E117D745723}"
EndProject
Project("{9A19103F-16F7-4668-BE54-9A1E7A4F7556}") = "uri_1080", "uri_1080\uri_1080.csproj", "{23E2FD10-CA41-4D09-9ED7-D69CD890A1C7}"
EndProject
Project("{9A19103F-16F7-4668-BE54-9A1E7A4F7556}") = "uri_1094", "uri_1094\uri_1094.csproj", "{802ECEB4-5A9A-4F06-884E-0AE9AF9869E0}"
EndProject
Project("{9A19103F-16F7-4668-BE54-9A1E7A4F7556}") = "uri_1096", "uri_1095\uri_1096.csproj", "{1471334E-16DA-484D-91A8-CA238C6BC8C7}"
EndProject
Project("{9A19103F-16F7-4668-BE54-9A1E7A4F7556}") = "uri_1097", "uri_1097\uri_1097.csproj", "{543ECA92-8481-410C-BFBF-93E42A4AEEE3}"
EndProject
Project("{9A19103F-16F7-4668-BE54-9A1E7A4F7556}") = "uri_1116", "uri_1116\uri_1116.csproj", "{C05939A6-2EF8-4CCB-AB8A-6AF5577F837E}"
EndProject
Project("{9A19103F-16F7-4668-BE54-9A1E7A4F7556}") = "uri_1132", "uri_1132\uri_1132.csproj", "{B735026E-1CC4-431B-A207-B0398B3303B3}"
EndProject
Project("{9A19103F-16F7-4668-BE54-9A1E7A4F7556}") = "uri_1133", "uri_1133\uri_1133.csproj", "{2F50C0E6-B83C-4F75-9778-385481520513}"
EndProject
Project("{9A19103F-16F7-4668-BE54-9A1E7A4F7556}") = "uri_1145", "uri_1145\uri_1145.csproj", "{F3799907-BC13-4D6B-A320-0F9A8567F36E}"
EndProject
Project("{9A19103F-16F7-4668-BE54-9A1E7A4F7556}") = "uri_1149", "uri_1149\uri_1149.csproj", "{C708DDFF-A937-4F90-98A0-4091C75138A9}"
EndProject
Project("{9A19103F-16F7-4668-BE54-9A1E7A4F7556}") = "exe_aula54", "exe_aula54\exe_aula54.csproj", "{967840CB-16CB-4E7B-BEC4-D84CEBFC4F3D}"
EndProject
Project("{9A19103F-16F7-4668-BE54-9A1E7A4F7556}") = "exe_aula58", "exe_aula58\exe_aula58.csproj", "{0ABF2146-3CE9-40D9-8C05-72F027F8C7A5}"
EndProject
Project("{9A19103F-16F7-4668-BE54-9A1E7A4F7556}") = "exe_aula59", "exe_aula59\exe_aula59.csproj", "{63CDD0E9-0851-4666-9511-4BF489A84CF8}"
EndProject
Project("{9A19103F-16F7-4668-BE54-9A1E7A4F7556}") = "vetores01", "vetores_01\vetores01.csproj", "{FD11B933-8D62-4803-8CEE-193057A0E670}"
EndProject
Project("{9A19103F-16F7-4668-BE54-9A1E7A4F7556}") = "vetores02", "vetores02\vetores02.csproj", "{B27EFA41-43B7-49AB-A90C-1DA457C2FA69}"
EndProject
Project("{9A19103F-16F7-4668-BE54-9A1E7A4F7556}") = "vetores03", "vetores03\vetores03.csproj", "{0D21E149-AC2C-4113-B4AD-6D7DD4905441}"
EndProject
Project("{9A19103F-16F7-4668-BE54-9A1E7A4F7556}") = "vetores04", "vetores04\vetores04.csproj", "{C2C9D625-3225-4191-AFEB-5FD3D0F3D866}"
EndProject
Project("{9A19103F-16F7-4668-BE54-9A1E7A4F7556}") = "vetores05", "vetores05\vetores05.csproj", "{01FB5758-DC1A-4417-8085-04CD64F11313}"
EndProject
Project("{9A19103F-16F7-4668-BE54-9A1E7A4F7556}") = "vetores06", "vetores06\vetores06.csproj", "{5FAC9ED4-B891-4759-A3B2-1E5A3F08E544}"
EndProject
Project("{9A19103F-16F7-4668-BE54-9A1E7A4F7556}") = "vetores07", "vetores07\vetores07.csproj", "{81EAD329-2C4C-4F36-9415-DBA3C204878F}"
EndProject
Project("{9A19103F-16F7-4668-BE54-9A1E7A4F7556}") = "vetores08", "vetores08\vetores08.csproj", "{E1E76AD6-635F-4A58-BACF-DE0D10451253}"
EndProject
Project("{9A19103F-16F7-4668-BE54-9A1E7A4F7556}") = "vetores09", "vetores09\vetores09.csproj", "{DC5EC8D5-9C4B-43A4-AA71-0CD35F695144}"
EndProject
Project("{9A19103F-16F7-4668-BE54-9A1E7A4F7556}") = "exe_aula63", "exe_aula63\exe_aula63.csproj", "{360029DF-D175-4684-B599-B90813C2A54F}"
EndProject
Project("{9A19103F-16F7-4668-BE54-9A1E7A4F7556}") = "exe_aula66", "exe_aula66\exe_aula66.csproj", "{AF3F617C-C82A-43FC-BE50-65606D2861E7}"
EndProject
Project("{9A19103F-16F7-4668-BE54-9A1E7A4F7556}") = "exe_aula67", "exe_aula67\exe_aula67.csproj", "{E6DB96BC-3C8C-4119-BACB-3A24E3E08B8E}"
EndProject
Project("{9A19103F-16F7-4668-BE54-9A1E7A4F7556}") = "matrizes01", "matrizes01\matrizes01.csproj", "{6819F5AB-9D32-4981-8B56-464492FA6B8E}"
EndProject
Project("{9A19103F-16F7-4668-BE54-9A1E7A4F7556}") = "matrizes02", "matrizes02\matrizes02.csproj", "{FE2457C2-1EBB-4869-A3D0-31F3FFB20D25}"
EndProject
Project("{9A19103F-16F7-4668-BE54-9A1E7A4F7556}") = "matrizes03", "matrizes03\matrizes03.csproj", "{1351A5B4-8F88-4584-877C-AB6198DD5C9A}"
EndProject
Project("{9A19103F-16F7-4668-BE54-9A1E7A4F7556}") = "matrizes04", "matrizes04\matrizes04.csproj", "{893A28BC-921D-4697-AA17-D133FD610640}"
EndProject
Project("{9A19103F-16F7-4668-BE54-9A1E7A4F7556}") = "matrizes05", "matrizes05\matrizes05.csproj", "{4E66E4BB-C870-4C94-86F6-588FA63CEB2D}"
EndProject
Project("{9A19103F-16F7-4668-BE54-9A1E7A4F7556}") = "matrizes06", "matrizes06\matrizes06.csproj", "{45F01223-EC98-451D-8C9F-91B13FCF1F17}"
EndProject
Project("{9A19103F-16F7-4668-BE54-9A1E7A4F7556}") = "matrizes07", "matrizes07\matrizes07.csproj", "{0B18B03A-9076-470B-A472-E12692F580FB}"
EndProject
Project("{9A19103F-16F7-4668-BE54-9A1E7A4F7556}") = "uri_1050", "uri_1050\uri_1050.csproj", "{70ACAEFC-AAE3-40BA-B309-C676AD72B99B}"
EndProject
Project("{9A19103F-16F7-4668-BE54-9A1E7A4F7556}") = "uri_1153", "uri_1153\uri_1153.csproj", "{8C74A3DB-15B9-4AAC-88B0-065125010D57}"
EndProject
Project("{9A19103F-16F7-4668-BE54-9A1E7A4F7556}") = "uri_1172", "uri_1172\uri_1172.csproj", "{52A43465-5E2E-4CE5-89EF-289B4F797C23}"
EndProject
Project("{9A19103F-16F7-4668-BE54-9A1E7A4F7556}") = "ProvaLogica1", "ProvaLogica1\ProvaLogica1.csproj", "{D0064448-AA38-4FEF-9C69-3DC29D662E4B}"
EndProject
Project("{9A19103F-16F7-4668-BE54-9A1E7A4F7556}") = "Secao02Exe02Geek", "Secao02Exe02Geek\Secao02Exe02Geek.csproj", "{9C5578EB-B95B-49BF-AB77-209B11A7E866}"
EndProject
Project("{9A19103F-16F7-4668-BE54-9A1E7A4F7556}") = "Secao03Exe04Geek", "Secao03Exe03Geek\Secao03Exe04Geek.csproj", "{F954B890-F4DD-401F-83C7-3041553446AD}"
EndProject
Project("{9A19103F-16F7-4668-BE54-9A1E7A4F7556}") = "Secao03Exe05Geek", "Secao03Exe05Geek\Secao03Exe05Geek.csproj", "{72C56F28-2C30-4CAC-B61E-6439B041DB26}"
EndProject
Project("{9A19103F-16F7-4668-BE54-9A1E7A4F7556}") = "Secao03Exe06Geek", "Secao03Exe06Geek\Secao03Exe06Geek.csproj", "{711CDEA5-1158-40F6-A1B0-AE3D90F495F3}"
EndProject
Project("{9A19103F-16F7-4668-BE54-9A1E7A4F7556}") = "Secao03Exe07Geek", "Secao03Exe07Geek\Secao03Exe07Geek.csproj", "{62F5C1EB-CBE6-4E6B-B5F2-8EC8FEB69260}"
EndProject
Project("{9A19103F-16F7-4668-BE54-9A1E7A4F7556}") = "Secao06Exe01Geek", "Secao06Exe01Geek\Secao06Exe01Geek.csproj", "{01CC54A8-B216-4CEA-81EA-C4ED289AB167}"
EndProject
Project("{9A19103F-16F7-4668-BE54-9A1E7A4F7556}") = "Secao06Exe02Geek", "Secao06Exe02Geek\Secao06Exe02Geek.csproj", "{A55DA3B5-D6E0-4C83-94EB-A41204F28A06}"
EndProject
Project("{9A19103F-16F7-4668-BE54-9A1E7A4F7556}") = "Secao06Exe03Geek", "Secao06Exe03\Secao06Exe03Geek.csproj", "{201B879C-8055-494A-AB34-4BEDB3D3940D}"
EndProject
Project("{9A19103F-16F7-4668-BE54-9A1E7A4F7556}") = "Secao06Exe04Geek", "Secao06Exe04Geek\Secao06Exe04Geek.csproj", "{E1C69D07-EAE0-45AD-AA91-B3EC6A54BDD4}"
EndProject
Project("{9A19103F-16F7-4668-BE54-9A1E7A4F7556}") = "Secao03Exe02Geek", "Secao03Exe02Geek\Secao03Exe02Geek.csproj", "{393423DA-EC85-4517-AB7E-ED0C206345DA}"
EndProject
Project("{9A19103F-16F7-4668-BE54-9A1E7A4F7556}") = "Secao06Exe05Geek", "Secao06Exe05Geek\Secao06Exe05Geek.csproj", "{4697E19A-D627-4DCE-83A0-FBD1DEB479D6}"
EndProject
Project("{9A19103F-16F7-4668-BE54-9A1E7A4F7556}") = "Secao06Exe06Geek", "Secao06Exe06Geek\Secao06Exe06Geek.csproj", "{87606576-44F5-44F3-A67F-7AF8321102B9}"
EndProject
Project("{9A19103F-16F7-4668-BE54-9A1E7A4F7556}") = "Secao06Exe07Geek", "Secao06Exe07Geek\Secao06Exe07Geek.csproj", "{03423893-8371-43DC-A749-9C0497CF9D84}"
EndProject
Project("{FAE04EC0-301F-11D3-BF4B-00C04F79EFBC}") = "Secao06Exe08Geek", "Secao06Exe08Geek\Secao06Exe08Geek.csproj", "{E74A106E-10C7-4DAE-A0CE-4227A29E0B0B}"
EndProject
Project("{FAE04EC0-301F-11D3-BF4B-00C04F79EFBC}") = "Secao06Exe09Geek", "Secao06Exe09Geek\Secao06Exe09Geek.csproj", "{706B57FF-5AD7-452B-9F81-71E0AF6E0BD8}"
EndProject
Project("{FAE04EC0-301F-11D3-BF4B-00C04F79EFBC}") = "Secao06Exe10Geek", "Secao06Exe10Geek\Secao06Exe10Geek.csproj", "{FECD38FD-56E5-402D-9F93-BDF5B04C1BF5}"
EndProject
Global
	GlobalSection(SolutionConfigurationPlatforms) = preSolution
		Debug|Any CPU = Debug|Any CPU
		Release|Any CPU = Release|Any CPU
	EndGlobalSection
	GlobalSection(ProjectConfigurationPlatforms) = postSolution
		{EBDB0077-173D-491B-BB24-50AE645D44EB}.Debug|Any CPU.ActiveCfg = Debug|Any CPU
		{EBDB0077-173D-491B-BB24-50AE645D44EB}.Debug|Any CPU.Build.0 = Debug|Any CPU
		{EBDB0077-173D-491B-BB24-50AE645D44EB}.Release|Any CPU.ActiveCfg = Release|Any CPU
		{EBDB0077-173D-491B-BB24-50AE645D44EB}.Release|Any CPU.Build.0 = Release|Any CPU
		{61183A09-DB37-4A32-AE51-87F26BD66432}.Debug|Any CPU.ActiveCfg = Debug|Any CPU
		{61183A09-DB37-4A32-AE51-87F26BD66432}.Debug|Any CPU.Build.0 = Debug|Any CPU
		{61183A09-DB37-4A32-AE51-87F26BD66432}.Release|Any CPU.ActiveCfg = Release|Any CPU
		{61183A09-DB37-4A32-AE51-87F26BD66432}.Release|Any CPU.Build.0 = Release|Any CPU
		{3C12539F-E2AA-4DCD-B6A3-783B03BEAFAC}.Debug|Any CPU.ActiveCfg = Debug|Any CPU
		{3C12539F-E2AA-4DCD-B6A3-783B03BEAFAC}.Debug|Any CPU.Build.0 = Debug|Any CPU
		{3C12539F-E2AA-4DCD-B6A3-783B03BEAFAC}.Release|Any CPU.ActiveCfg = Release|Any CPU
		{3C12539F-E2AA-4DCD-B6A3-783B03BEAFAC}.Release|Any CPU.Build.0 = Release|Any CPU
		{93DD4BF3-B1DF-487D-899C-E0743DD4A302}.Debug|Any CPU.ActiveCfg = Debug|Any CPU
		{93DD4BF3-B1DF-487D-899C-E0743DD4A302}.Debug|Any CPU.Build.0 = Debug|Any CPU
		{93DD4BF3-B1DF-487D-899C-E0743DD4A302}.Release|Any CPU.ActiveCfg = Release|Any CPU
		{93DD4BF3-B1DF-487D-899C-E0743DD4A302}.Release|Any CPU.Build.0 = Release|Any CPU
		{488FA546-593B-475C-93DA-DA450D50BE19}.Debug|Any CPU.ActiveCfg = Debug|Any CPU
		{488FA546-593B-475C-93DA-DA450D50BE19}.Debug|Any CPU.Build.0 = Debug|Any CPU
		{488FA546-593B-475C-93DA-DA450D50BE19}.Release|Any CPU.ActiveCfg = Release|Any CPU
		{488FA546-593B-475C-93DA-DA450D50BE19}.Release|Any CPU.Build.0 = Release|Any CPU
		{5F8CA79A-B826-47D5-9FDA-ED8E68CD1BC7}.Debug|Any CPU.ActiveCfg = Debug|Any CPU
		{5F8CA79A-B826-47D5-9FDA-ED8E68CD1BC7}.Debug|Any CPU.Build.0 = Debug|Any CPU
		{5F8CA79A-B826-47D5-9FDA-ED8E68CD1BC7}.Release|Any CPU.ActiveCfg = Release|Any CPU
		{5F8CA79A-B826-47D5-9FDA-ED8E68CD1BC7}.Release|Any CPU.Build.0 = Release|Any CPU
		{40B1013A-49DF-4BEF-B86C-1EFCB6F38CF0}.Debug|Any CPU.ActiveCfg = Debug|Any CPU
		{40B1013A-49DF-4BEF-B86C-1EFCB6F38CF0}.Debug|Any CPU.Build.0 = Debug|Any CPU
		{40B1013A-49DF-4BEF-B86C-1EFCB6F38CF0}.Release|Any CPU.ActiveCfg = Release|Any CPU
		{40B1013A-49DF-4BEF-B86C-1EFCB6F38CF0}.Release|Any CPU.Build.0 = Release|Any CPU
		{84E5EEAC-85D0-4D9A-A2E3-2C74868701D2}.Debug|Any CPU.ActiveCfg = Debug|Any CPU
		{84E5EEAC-85D0-4D9A-A2E3-2C74868701D2}.Debug|Any CPU.Build.0 = Debug|Any CPU
		{84E5EEAC-85D0-4D9A-A2E3-2C74868701D2}.Release|Any CPU.ActiveCfg = Release|Any CPU
		{84E5EEAC-85D0-4D9A-A2E3-2C74868701D2}.Release|Any CPU.Build.0 = Release|Any CPU
		{4FD0606A-C4EB-4778-A95C-8BD355B46EC9}.Debug|Any CPU.ActiveCfg = Debug|Any CPU
		{4FD0606A-C4EB-4778-A95C-8BD355B46EC9}.Debug|Any CPU.Build.0 = Debug|Any CPU
		{4FD0606A-C4EB-4778-A95C-8BD355B46EC9}.Release|Any CPU.ActiveCfg = Release|Any CPU
		{4FD0606A-C4EB-4778-A95C-8BD355B46EC9}.Release|Any CPU.Build.0 = Release|Any CPU
		{61B3BE78-D46A-4C64-8868-0BB4A5BEB595}.Debug|Any CPU.ActiveCfg = Debug|Any CPU
		{61B3BE78-D46A-4C64-8868-0BB4A5BEB595}.Debug|Any CPU.Build.0 = Debug|Any CPU
		{61B3BE78-D46A-4C64-8868-0BB4A5BEB595}.Release|Any CPU.ActiveCfg = Release|Any CPU
		{61B3BE78-D46A-4C64-8868-0BB4A5BEB595}.Release|Any CPU.Build.0 = Release|Any CPU
		{63923544-3F22-4B0E-9F18-E96C58E72977}.Debug|Any CPU.ActiveCfg = Debug|Any CPU
		{63923544-3F22-4B0E-9F18-E96C58E72977}.Debug|Any CPU.Build.0 = Debug|Any CPU
		{63923544-3F22-4B0E-9F18-E96C58E72977}.Release|Any CPU.ActiveCfg = Release|Any CPU
		{63923544-3F22-4B0E-9F18-E96C58E72977}.Release|Any CPU.Build.0 = Release|Any CPU
		{A7E4E700-F478-4470-9067-DC25B751751B}.Debug|Any CPU.ActiveCfg = Debug|Any CPU
		{A7E4E700-F478-4470-9067-DC25B751751B}.Debug|Any CPU.Build.0 = Debug|Any CPU
		{A7E4E700-F478-4470-9067-DC25B751751B}.Release|Any CPU.ActiveCfg = Release|Any CPU
		{A7E4E700-F478-4470-9067-DC25B751751B}.Release|Any CPU.Build.0 = Release|Any CPU
		{18CDE602-B65A-4C5A-8C25-0F5A30177EF1}.Debug|Any CPU.ActiveCfg = Debug|Any CPU
		{18CDE602-B65A-4C5A-8C25-0F5A30177EF1}.Debug|Any CPU.Build.0 = Debug|Any CPU
		{18CDE602-B65A-4C5A-8C25-0F5A30177EF1}.Release|Any CPU.ActiveCfg = Release|Any CPU
		{18CDE602-B65A-4C5A-8C25-0F5A30177EF1}.Release|Any CPU.Build.0 = Release|Any CPU
		{F9E19CCF-BC33-46ED-A4D9-74820AD9F90B}.Debug|Any CPU.ActiveCfg = Debug|Any CPU
		{F9E19CCF-BC33-46ED-A4D9-74820AD9F90B}.Debug|Any CPU.Build.0 = Debug|Any CPU
		{F9E19CCF-BC33-46ED-A4D9-74820AD9F90B}.Release|Any CPU.ActiveCfg = Release|Any CPU
		{F9E19CCF-BC33-46ED-A4D9-74820AD9F90B}.Release|Any CPU.Build.0 = Release|Any CPU
		{46B74B48-EFF8-4F90-AEA5-12942DAE2155}.Debug|Any CPU.ActiveCfg = Debug|Any CPU
		{46B74B48-EFF8-4F90-AEA5-12942DAE2155}.Debug|Any CPU.Build.0 = Debug|Any CPU
		{46B74B48-EFF8-4F90-AEA5-12942DAE2155}.Release|Any CPU.ActiveCfg = Release|Any CPU
		{46B74B48-EFF8-4F90-AEA5-12942DAE2155}.Release|Any CPU.Build.0 = Release|Any CPU
		{C830955D-F32C-49CD-8CD6-20D56C87D99F}.Debug|Any CPU.ActiveCfg = Debug|Any CPU
		{C830955D-F32C-49CD-8CD6-20D56C87D99F}.Debug|Any CPU.Build.0 = Debug|Any CPU
		{C830955D-F32C-49CD-8CD6-20D56C87D99F}.Release|Any CPU.ActiveCfg = Release|Any CPU
		{C830955D-F32C-49CD-8CD6-20D56C87D99F}.Release|Any CPU.Build.0 = Release|Any CPU
		{D3DFB92D-7992-4922-9E8E-2CCACAAFFEDD}.Debug|Any CPU.ActiveCfg = Debug|Any CPU
		{D3DFB92D-7992-4922-9E8E-2CCACAAFFEDD}.Debug|Any CPU.Build.0 = Debug|Any CPU
		{D3DFB92D-7992-4922-9E8E-2CCACAAFFEDD}.Release|Any CPU.ActiveCfg = Release|Any CPU
		{D3DFB92D-7992-4922-9E8E-2CCACAAFFEDD}.Release|Any CPU.Build.0 = Release|Any CPU
		{5F9A2BFD-3E8E-4B4B-9D9B-61FACC9870F0}.Debug|Any CPU.ActiveCfg = Debug|Any CPU
		{5F9A2BFD-3E8E-4B4B-9D9B-61FACC9870F0}.Debug|Any CPU.Build.0 = Debug|Any CPU
		{5F9A2BFD-3E8E-4B4B-9D9B-61FACC9870F0}.Release|Any CPU.ActiveCfg = Release|Any CPU
		{5F9A2BFD-3E8E-4B4B-9D9B-61FACC9870F0}.Release|Any CPU.Build.0 = Release|Any CPU
		{13BA09EE-C533-454A-8105-BF3F35400935}.Debug|Any CPU.ActiveCfg = Debug|Any CPU
		{13BA09EE-C533-454A-8105-BF3F35400935}.Debug|Any CPU.Build.0 = Debug|Any CPU
		{13BA09EE-C533-454A-8105-BF3F35400935}.Release|Any CPU.ActiveCfg = Release|Any CPU
		{13BA09EE-C533-454A-8105-BF3F35400935}.Release|Any CPU.Build.0 = Release|Any CPU
		{5823CF78-90E5-47F6-98A8-C55039C67D57}.Debug|Any CPU.ActiveCfg = Debug|Any CPU
		{5823CF78-90E5-47F6-98A8-C55039C67D57}.Debug|Any CPU.Build.0 = Debug|Any CPU
		{5823CF78-90E5-47F6-98A8-C55039C67D57}.Release|Any CPU.ActiveCfg = Release|Any CPU
		{5823CF78-90E5-47F6-98A8-C55039C67D57}.Release|Any CPU.Build.0 = Release|Any CPU
		{053C35C7-8642-4CA2-84F1-65390941812D}.Debug|Any CPU.ActiveCfg = Debug|Any CPU
		{053C35C7-8642-4CA2-84F1-65390941812D}.Debug|Any CPU.Build.0 = Debug|Any CPU
		{053C35C7-8642-4CA2-84F1-65390941812D}.Release|Any CPU.ActiveCfg = Release|Any CPU
		{053C35C7-8642-4CA2-84F1-65390941812D}.Release|Any CPU.Build.0 = Release|Any CPU
		{C18CA1E2-3CF6-483F-A2EE-0368987CFE13}.Debug|Any CPU.ActiveCfg = Debug|Any CPU
		{C18CA1E2-3CF6-483F-A2EE-0368987CFE13}.Debug|Any CPU.Build.0 = Debug|Any CPU
		{C18CA1E2-3CF6-483F-A2EE-0368987CFE13}.Release|Any CPU.ActiveCfg = Release|Any CPU
		{C18CA1E2-3CF6-483F-A2EE-0368987CFE13}.Release|Any CPU.Build.0 = Release|Any CPU
		{6AEE28FF-6844-49BF-B0D9-86406EE2C167}.Debug|Any CPU.ActiveCfg = Debug|Any CPU
		{6AEE28FF-6844-49BF-B0D9-86406EE2C167}.Debug|Any CPU.Build.0 = Debug|Any CPU
		{6AEE28FF-6844-49BF-B0D9-86406EE2C167}.Release|Any CPU.ActiveCfg = Release|Any CPU
		{6AEE28FF-6844-49BF-B0D9-86406EE2C167}.Release|Any CPU.Build.0 = Release|Any CPU
		{7E97E44C-D0D2-484A-9613-C80BB542588C}.Debug|Any CPU.ActiveCfg = Debug|Any CPU
		{7E97E44C-D0D2-484A-9613-C80BB542588C}.Debug|Any CPU.Build.0 = Debug|Any CPU
		{7E97E44C-D0D2-484A-9613-C80BB542588C}.Release|Any CPU.ActiveCfg = Release|Any CPU
		{7E97E44C-D0D2-484A-9613-C80BB542588C}.Release|Any CPU.Build.0 = Release|Any CPU
		{8BE9A57D-5F48-4B97-8FA2-DFA951B46BE2}.Debug|Any CPU.ActiveCfg = Debug|Any CPU
		{8BE9A57D-5F48-4B97-8FA2-DFA951B46BE2}.Debug|Any CPU.Build.0 = Debug|Any CPU
		{8BE9A57D-5F48-4B97-8FA2-DFA951B46BE2}.Release|Any CPU.ActiveCfg = Release|Any CPU
		{8BE9A57D-5F48-4B97-8FA2-DFA951B46BE2}.Release|Any CPU.Build.0 = Release|Any CPU
		{7094ED95-9E19-4622-B25C-D5BEE4B943C6}.Debug|Any CPU.ActiveCfg = Debug|Any CPU
		{7094ED95-9E19-4622-B25C-D5BEE4B943C6}.Debug|Any CPU.Build.0 = Debug|Any CPU
		{7094ED95-9E19-4622-B25C-D5BEE4B943C6}.Release|Any CPU.ActiveCfg = Release|Any CPU
		{7094ED95-9E19-4622-B25C-D5BEE4B943C6}.Release|Any CPU.Build.0 = Release|Any CPU
		{BC9F3062-BBC6-4306-8189-58BE2490366A}.Debug|Any CPU.ActiveCfg = Debug|Any CPU
		{BC9F3062-BBC6-4306-8189-58BE2490366A}.Debug|Any CPU.Build.0 = Debug|Any CPU
		{BC9F3062-BBC6-4306-8189-58BE2490366A}.Release|Any CPU.ActiveCfg = Release|Any CPU
		{BC9F3062-BBC6-4306-8189-58BE2490366A}.Release|Any CPU.Build.0 = Release|Any CPU
		{09B506AE-5F97-46BE-9AEC-D47E7092393D}.Debug|Any CPU.ActiveCfg = Debug|Any CPU
		{09B506AE-5F97-46BE-9AEC-D47E7092393D}.Debug|Any CPU.Build.0 = Debug|Any CPU
		{09B506AE-5F97-46BE-9AEC-D47E7092393D}.Release|Any CPU.ActiveCfg = Release|Any CPU
		{09B506AE-5F97-46BE-9AEC-D47E7092393D}.Release|Any CPU.Build.0 = Release|Any CPU
		{E8F65711-29CF-4714-9433-7DDF838B85FE}.Debug|Any CPU.ActiveCfg = Debug|Any CPU
		{E8F65711-29CF-4714-9433-7DDF838B85FE}.Debug|Any CPU.Build.0 = Debug|Any CPU
		{E8F65711-29CF-4714-9433-7DDF838B85FE}.Release|Any CPU.ActiveCfg = Release|Any CPU
		{E8F65711-29CF-4714-9433-7DDF838B85FE}.Release|Any CPU.Build.0 = Release|Any CPU
		{BCEAB658-2131-4541-A761-B0FB63D453A3}.Debug|Any CPU.ActiveCfg = Debug|Any CPU
		{BCEAB658-2131-4541-A761-B0FB63D453A3}.Debug|Any CPU.Build.0 = Debug|Any CPU
		{BCEAB658-2131-4541-A761-B0FB63D453A3}.Release|Any CPU.ActiveCfg = Release|Any CPU
		{BCEAB658-2131-4541-A761-B0FB63D453A3}.Release|Any CPU.Build.0 = Release|Any CPU
		{703AF945-BB70-40B9-8E27-7F27F1E29C9B}.Debug|Any CPU.ActiveCfg = Debug|Any CPU
		{703AF945-BB70-40B9-8E27-7F27F1E29C9B}.Debug|Any CPU.Build.0 = Debug|Any CPU
		{703AF945-BB70-40B9-8E27-7F27F1E29C9B}.Release|Any CPU.ActiveCfg = Release|Any CPU
		{703AF945-BB70-40B9-8E27-7F27F1E29C9B}.Release|Any CPU.Build.0 = Release|Any CPU
		{09E185C2-FF3A-4175-BDC9-EC4D986F5C75}.Debug|Any CPU.ActiveCfg = Debug|Any CPU
		{09E185C2-FF3A-4175-BDC9-EC4D986F5C75}.Debug|Any CPU.Build.0 = Debug|Any CPU
		{09E185C2-FF3A-4175-BDC9-EC4D986F5C75}.Release|Any CPU.ActiveCfg = Release|Any CPU
		{09E185C2-FF3A-4175-BDC9-EC4D986F5C75}.Release|Any CPU.Build.0 = Release|Any CPU
		{28AF1505-607A-43BE-B290-6A4505877004}.Debug|Any CPU.ActiveCfg = Debug|Any CPU
		{28AF1505-607A-43BE-B290-6A4505877004}.Debug|Any CPU.Build.0 = Debug|Any CPU
		{28AF1505-607A-43BE-B290-6A4505877004}.Release|Any CPU.ActiveCfg = Release|Any CPU
		{28AF1505-607A-43BE-B290-6A4505877004}.Release|Any CPU.Build.0 = Release|Any CPU
		{6610369D-2C7A-462A-9F12-3F9F5481C633}.Debug|Any CPU.ActiveCfg = Debug|Any CPU
		{6610369D-2C7A-462A-9F12-3F9F5481C633}.Debug|Any CPU.Build.0 = Debug|Any CPU
		{6610369D-2C7A-462A-9F12-3F9F5481C633}.Release|Any CPU.ActiveCfg = Release|Any CPU
		{6610369D-2C7A-462A-9F12-3F9F5481C633}.Release|Any CPU.Build.0 = Release|Any CPU
		{6FB42CC9-F8CC-46C5-8141-D7175CC3DE2B}.Debug|Any CPU.ActiveCfg = Debug|Any CPU
		{6FB42CC9-F8CC-46C5-8141-D7175CC3DE2B}.Debug|Any CPU.Build.0 = Debug|Any CPU
		{6FB42CC9-F8CC-46C5-8141-D7175CC3DE2B}.Release|Any CPU.ActiveCfg = Release|Any CPU
		{6FB42CC9-F8CC-46C5-8141-D7175CC3DE2B}.Release|Any CPU.Build.0 = Release|Any CPU
		{DEF5521B-F394-471E-85BE-639CFF1A5F7E}.Debug|Any CPU.ActiveCfg = Debug|Any CPU
		{DEF5521B-F394-471E-85BE-639CFF1A5F7E}.Debug|Any CPU.Build.0 = Debug|Any CPU
		{DEF5521B-F394-471E-85BE-639CFF1A5F7E}.Release|Any CPU.ActiveCfg = Release|Any CPU
		{DEF5521B-F394-471E-85BE-639CFF1A5F7E}.Release|Any CPU.Build.0 = Release|Any CPU
		{C21FE5F0-DC63-45B4-B087-0348C067D2C0}.Debug|Any CPU.ActiveCfg = Debug|Any CPU
		{C21FE5F0-DC63-45B4-B087-0348C067D2C0}.Debug|Any CPU.Build.0 = Debug|Any CPU
		{C21FE5F0-DC63-45B4-B087-0348C067D2C0}.Release|Any CPU.ActiveCfg = Release|Any CPU
		{C21FE5F0-DC63-45B4-B087-0348C067D2C0}.Release|Any CPU.Build.0 = Release|Any CPU
		{47ED613C-96F9-4660-8653-EA412AED8816}.Debug|Any CPU.ActiveCfg = Debug|Any CPU
		{47ED613C-96F9-4660-8653-EA412AED8816}.Debug|Any CPU.Build.0 = Debug|Any CPU
		{47ED613C-96F9-4660-8653-EA412AED8816}.Release|Any CPU.ActiveCfg = Release|Any CPU
		{47ED613C-96F9-4660-8653-EA412AED8816}.Release|Any CPU.Build.0 = Release|Any CPU
		{BF4AB755-EF4C-4DB4-A08E-81B28C63F2DD}.Debug|Any CPU.ActiveCfg = Debug|Any CPU
		{BF4AB755-EF4C-4DB4-A08E-81B28C63F2DD}.Debug|Any CPU.Build.0 = Debug|Any CPU
		{BF4AB755-EF4C-4DB4-A08E-81B28C63F2DD}.Release|Any CPU.ActiveCfg = Release|Any CPU
		{BF4AB755-EF4C-4DB4-A08E-81B28C63F2DD}.Release|Any CPU.Build.0 = Release|Any CPU
		{0C621D94-F5FA-4847-A7E7-935B5EC70824}.Debug|Any CPU.ActiveCfg = Debug|Any CPU
		{0C621D94-F5FA-4847-A7E7-935B5EC70824}.Debug|Any CPU.Build.0 = Debug|Any CPU
		{0C621D94-F5FA-4847-A7E7-935B5EC70824}.Release|Any CPU.ActiveCfg = Release|Any CPU
		{0C621D94-F5FA-4847-A7E7-935B5EC70824}.Release|Any CPU.Build.0 = Release|Any CPU
		{C8C53B20-C3C3-4ADC-A508-D384AED9EB44}.Debug|Any CPU.ActiveCfg = Debug|Any CPU
		{C8C53B20-C3C3-4ADC-A508-D384AED9EB44}.Debug|Any CPU.Build.0 = Debug|Any CPU
		{C8C53B20-C3C3-4ADC-A508-D384AED9EB44}.Release|Any CPU.ActiveCfg = Release|Any CPU
		{C8C53B20-C3C3-4ADC-A508-D384AED9EB44}.Release|Any CPU.Build.0 = Release|Any CPU
		{3D49B29D-6D32-4B24-90F8-D91844C14C41}.Debug|Any CPU.ActiveCfg = Debug|Any CPU
		{3D49B29D-6D32-4B24-90F8-D91844C14C41}.Debug|Any CPU.Build.0 = Debug|Any CPU
		{3D49B29D-6D32-4B24-90F8-D91844C14C41}.Release|Any CPU.ActiveCfg = Release|Any CPU
		{3D49B29D-6D32-4B24-90F8-D91844C14C41}.Release|Any CPU.Build.0 = Release|Any CPU
		{499827CD-E113-4FC5-82C6-9ACF9E7E9A2A}.Debug|Any CPU.ActiveCfg = Debug|Any CPU
		{499827CD-E113-4FC5-82C6-9ACF9E7E9A2A}.Debug|Any CPU.Build.0 = Debug|Any CPU
		{499827CD-E113-4FC5-82C6-9ACF9E7E9A2A}.Release|Any CPU.ActiveCfg = Release|Any CPU
		{499827CD-E113-4FC5-82C6-9ACF9E7E9A2A}.Release|Any CPU.Build.0 = Release|Any CPU
		{2D585625-A638-4715-BFBB-C3C101FB4D6B}.Debug|Any CPU.ActiveCfg = Debug|Any CPU
		{2D585625-A638-4715-BFBB-C3C101FB4D6B}.Debug|Any CPU.Build.0 = Debug|Any CPU
		{2D585625-A638-4715-BFBB-C3C101FB4D6B}.Release|Any CPU.ActiveCfg = Release|Any CPU
		{2D585625-A638-4715-BFBB-C3C101FB4D6B}.Release|Any CPU.Build.0 = Release|Any CPU
		{B70CBDCB-87EA-4882-B15E-61B327082035}.Debug|Any CPU.ActiveCfg = Debug|Any CPU
		{B70CBDCB-87EA-4882-B15E-61B327082035}.Debug|Any CPU.Build.0 = Debug|Any CPU
		{B70CBDCB-87EA-4882-B15E-61B327082035}.Release|Any CPU.ActiveCfg = Release|Any CPU
		{B70CBDCB-87EA-4882-B15E-61B327082035}.Release|Any CPU.Build.0 = Release|Any CPU
		{10430D3B-2B2C-43C1-9B26-1E117D745723}.Debug|Any CPU.ActiveCfg = Debug|Any CPU
		{10430D3B-2B2C-43C1-9B26-1E117D745723}.Debug|Any CPU.Build.0 = Debug|Any CPU
		{10430D3B-2B2C-43C1-9B26-1E117D745723}.Release|Any CPU.ActiveCfg = Release|Any CPU
		{10430D3B-2B2C-43C1-9B26-1E117D745723}.Release|Any CPU.Build.0 = Release|Any CPU
		{23E2FD10-CA41-4D09-9ED7-D69CD890A1C7}.Debug|Any CPU.ActiveCfg = Debug|Any CPU
		{23E2FD10-CA41-4D09-9ED7-D69CD890A1C7}.Debug|Any CPU.Build.0 = Debug|Any CPU
		{23E2FD10-CA41-4D09-9ED7-D69CD890A1C7}.Release|Any CPU.ActiveCfg = Release|Any CPU
		{23E2FD10-CA41-4D09-9ED7-D69CD890A1C7}.Release|Any CPU.Build.0 = Release|Any CPU
		{802ECEB4-5A9A-4F06-884E-0AE9AF9869E0}.Debug|Any CPU.ActiveCfg = Debug|Any CPU
		{802ECEB4-5A9A-4F06-884E-0AE9AF9869E0}.Debug|Any CPU.Build.0 = Debug|Any CPU
		{802ECEB4-5A9A-4F06-884E-0AE9AF9869E0}.Release|Any CPU.ActiveCfg = Release|Any CPU
		{802ECEB4-5A9A-4F06-884E-0AE9AF9869E0}.Release|Any CPU.Build.0 = Release|Any CPU
		{1471334E-16DA-484D-91A8-CA238C6BC8C7}.Debug|Any CPU.ActiveCfg = Debug|Any CPU
		{1471334E-16DA-484D-91A8-CA238C6BC8C7}.Debug|Any CPU.Build.0 = Debug|Any CPU
		{1471334E-16DA-484D-91A8-CA238C6BC8C7}.Release|Any CPU.ActiveCfg = Release|Any CPU
		{1471334E-16DA-484D-91A8-CA238C6BC8C7}.Release|Any CPU.Build.0 = Release|Any CPU
		{543ECA92-8481-410C-BFBF-93E42A4AEEE3}.Debug|Any CPU.ActiveCfg = Debug|Any CPU
		{543ECA92-8481-410C-BFBF-93E42A4AEEE3}.Debug|Any CPU.Build.0 = Debug|Any CPU
		{543ECA92-8481-410C-BFBF-93E42A4AEEE3}.Release|Any CPU.ActiveCfg = Release|Any CPU
		{543ECA92-8481-410C-BFBF-93E42A4AEEE3}.Release|Any CPU.Build.0 = Release|Any CPU
		{C05939A6-2EF8-4CCB-AB8A-6AF5577F837E}.Debug|Any CPU.ActiveCfg = Debug|Any CPU
		{C05939A6-2EF8-4CCB-AB8A-6AF5577F837E}.Debug|Any CPU.Build.0 = Debug|Any CPU
		{C05939A6-2EF8-4CCB-AB8A-6AF5577F837E}.Release|Any CPU.ActiveCfg = Release|Any CPU
		{C05939A6-2EF8-4CCB-AB8A-6AF5577F837E}.Release|Any CPU.Build.0 = Release|Any CPU
		{B735026E-1CC4-431B-A207-B0398B3303B3}.Debug|Any CPU.ActiveCfg = Debug|Any CPU
		{B735026E-1CC4-431B-A207-B0398B3303B3}.Debug|Any CPU.Build.0 = Debug|Any CPU
		{B735026E-1CC4-431B-A207-B0398B3303B3}.Release|Any CPU.ActiveCfg = Release|Any CPU
		{B735026E-1CC4-431B-A207-B0398B3303B3}.Release|Any CPU.Build.0 = Release|Any CPU
		{2F50C0E6-B83C-4F75-9778-385481520513}.Debug|Any CPU.ActiveCfg = Debug|Any CPU
		{2F50C0E6-B83C-4F75-9778-385481520513}.Debug|Any CPU.Build.0 = Debug|Any CPU
		{2F50C0E6-B83C-4F75-9778-385481520513}.Release|Any CPU.ActiveCfg = Release|Any CPU
		{2F50C0E6-B83C-4F75-9778-385481520513}.Release|Any CPU.Build.0 = Release|Any CPU
		{F3799907-BC13-4D6B-A320-0F9A8567F36E}.Debug|Any CPU.ActiveCfg = Debug|Any CPU
		{F3799907-BC13-4D6B-A320-0F9A8567F36E}.Debug|Any CPU.Build.0 = Debug|Any CPU
		{F3799907-BC13-4D6B-A320-0F9A8567F36E}.Release|Any CPU.ActiveCfg = Release|Any CPU
		{F3799907-BC13-4D6B-A320-0F9A8567F36E}.Release|Any CPU.Build.0 = Release|Any CPU
		{C708DDFF-A937-4F90-98A0-4091C75138A9}.Debug|Any CPU.ActiveCfg = Debug|Any CPU
		{C708DDFF-A937-4F90-98A0-4091C75138A9}.Debug|Any CPU.Build.0 = Debug|Any CPU
		{C708DDFF-A937-4F90-98A0-4091C75138A9}.Release|Any CPU.ActiveCfg = Release|Any CPU
		{C708DDFF-A937-4F90-98A0-4091C75138A9}.Release|Any CPU.Build.0 = Release|Any CPU
		{967840CB-16CB-4E7B-BEC4-D84CEBFC4F3D}.Debug|Any CPU.ActiveCfg = Debug|Any CPU
		{967840CB-16CB-4E7B-BEC4-D84CEBFC4F3D}.Debug|Any CPU.Build.0 = Debug|Any CPU
		{967840CB-16CB-4E7B-BEC4-D84CEBFC4F3D}.Release|Any CPU.ActiveCfg = Release|Any CPU
		{967840CB-16CB-4E7B-BEC4-D84CEBFC4F3D}.Release|Any CPU.Build.0 = Release|Any CPU
		{0ABF2146-3CE9-40D9-8C05-72F027F8C7A5}.Debug|Any CPU.ActiveCfg = Debug|Any CPU
		{0ABF2146-3CE9-40D9-8C05-72F027F8C7A5}.Debug|Any CPU.Build.0 = Debug|Any CPU
		{0ABF2146-3CE9-40D9-8C05-72F027F8C7A5}.Release|Any CPU.ActiveCfg = Release|Any CPU
		{0ABF2146-3CE9-40D9-8C05-72F027F8C7A5}.Release|Any CPU.Build.0 = Release|Any CPU
		{63CDD0E9-0851-4666-9511-4BF489A84CF8}.Debug|Any CPU.ActiveCfg = Debug|Any CPU
		{63CDD0E9-0851-4666-9511-4BF489A84CF8}.Debug|Any CPU.Build.0 = Debug|Any CPU
		{63CDD0E9-0851-4666-9511-4BF489A84CF8}.Release|Any CPU.ActiveCfg = Release|Any CPU
		{63CDD0E9-0851-4666-9511-4BF489A84CF8}.Release|Any CPU.Build.0 = Release|Any CPU
		{FD11B933-8D62-4803-8CEE-193057A0E670}.Debug|Any CPU.ActiveCfg = Debug|Any CPU
		{FD11B933-8D62-4803-8CEE-193057A0E670}.Debug|Any CPU.Build.0 = Debug|Any CPU
		{FD11B933-8D62-4803-8CEE-193057A0E670}.Release|Any CPU.ActiveCfg = Release|Any CPU
		{FD11B933-8D62-4803-8CEE-193057A0E670}.Release|Any CPU.Build.0 = Release|Any CPU
		{B27EFA41-43B7-49AB-A90C-1DA457C2FA69}.Debug|Any CPU.ActiveCfg = Debug|Any CPU
		{B27EFA41-43B7-49AB-A90C-1DA457C2FA69}.Debug|Any CPU.Build.0 = Debug|Any CPU
		{B27EFA41-43B7-49AB-A90C-1DA457C2FA69}.Release|Any CPU.ActiveCfg = Release|Any CPU
		{B27EFA41-43B7-49AB-A90C-1DA457C2FA69}.Release|Any CPU.Build.0 = Release|Any CPU
		{0D21E149-AC2C-4113-B4AD-6D7DD4905441}.Debug|Any CPU.ActiveCfg = Debug|Any CPU
		{0D21E149-AC2C-4113-B4AD-6D7DD4905441}.Debug|Any CPU.Build.0 = Debug|Any CPU
		{0D21E149-AC2C-4113-B4AD-6D7DD4905441}.Release|Any CPU.ActiveCfg = Release|Any CPU
		{0D21E149-AC2C-4113-B4AD-6D7DD4905441}.Release|Any CPU.Build.0 = Release|Any CPU
		{C2C9D625-3225-4191-AFEB-5FD3D0F3D866}.Debug|Any CPU.ActiveCfg = Debug|Any CPU
		{C2C9D625-3225-4191-AFEB-5FD3D0F3D866}.Debug|Any CPU.Build.0 = Debug|Any CPU
		{C2C9D625-3225-4191-AFEB-5FD3D0F3D866}.Release|Any CPU.ActiveCfg = Release|Any CPU
		{C2C9D625-3225-4191-AFEB-5FD3D0F3D866}.Release|Any CPU.Build.0 = Release|Any CPU
		{01FB5758-DC1A-4417-8085-04CD64F11313}.Debug|Any CPU.ActiveCfg = Debug|Any CPU
		{01FB5758-DC1A-4417-8085-04CD64F11313}.Debug|Any CPU.Build.0 = Debug|Any CPU
		{01FB5758-DC1A-4417-8085-04CD64F11313}.Release|Any CPU.ActiveCfg = Release|Any CPU
		{01FB5758-DC1A-4417-8085-04CD64F11313}.Release|Any CPU.Build.0 = Release|Any CPU
		{5FAC9ED4-B891-4759-A3B2-1E5A3F08E544}.Debug|Any CPU.ActiveCfg = Debug|Any CPU
		{5FAC9ED4-B891-4759-A3B2-1E5A3F08E544}.Debug|Any CPU.Build.0 = Debug|Any CPU
		{5FAC9ED4-B891-4759-A3B2-1E5A3F08E544}.Release|Any CPU.ActiveCfg = Release|Any CPU
		{5FAC9ED4-B891-4759-A3B2-1E5A3F08E544}.Release|Any CPU.Build.0 = Release|Any CPU
		{81EAD329-2C4C-4F36-9415-DBA3C204878F}.Debug|Any CPU.ActiveCfg = Debug|Any CPU
		{81EAD329-2C4C-4F36-9415-DBA3C204878F}.Debug|Any CPU.Build.0 = Debug|Any CPU
		{81EAD329-2C4C-4F36-9415-DBA3C204878F}.Release|Any CPU.ActiveCfg = Release|Any CPU
		{81EAD329-2C4C-4F36-9415-DBA3C204878F}.Release|Any CPU.Build.0 = Release|Any CPU
		{E1E76AD6-635F-4A58-BACF-DE0D10451253}.Debug|Any CPU.ActiveCfg = Debug|Any CPU
		{E1E76AD6-635F-4A58-BACF-DE0D10451253}.Debug|Any CPU.Build.0 = Debug|Any CPU
		{E1E76AD6-635F-4A58-BACF-DE0D10451253}.Release|Any CPU.ActiveCfg = Release|Any CPU
		{E1E76AD6-635F-4A58-BACF-DE0D10451253}.Release|Any CPU.Build.0 = Release|Any CPU
		{DC5EC8D5-9C4B-43A4-AA71-0CD35F695144}.Debug|Any CPU.ActiveCfg = Debug|Any CPU
		{DC5EC8D5-9C4B-43A4-AA71-0CD35F695144}.Debug|Any CPU.Build.0 = Debug|Any CPU
		{DC5EC8D5-9C4B-43A4-AA71-0CD35F695144}.Release|Any CPU.ActiveCfg = Release|Any CPU
		{DC5EC8D5-9C4B-43A4-AA71-0CD35F695144}.Release|Any CPU.Build.0 = Release|Any CPU
		{360029DF-D175-4684-B599-B90813C2A54F}.Debug|Any CPU.ActiveCfg = Debug|Any CPU
		{360029DF-D175-4684-B599-B90813C2A54F}.Debug|Any CPU.Build.0 = Debug|Any CPU
		{360029DF-D175-4684-B599-B90813C2A54F}.Release|Any CPU.ActiveCfg = Release|Any CPU
		{360029DF-D175-4684-B599-B90813C2A54F}.Release|Any CPU.Build.0 = Release|Any CPU
		{AF3F617C-C82A-43FC-BE50-65606D2861E7}.Debug|Any CPU.ActiveCfg = Debug|Any CPU
		{AF3F617C-C82A-43FC-BE50-65606D2861E7}.Debug|Any CPU.Build.0 = Debug|Any CPU
		{AF3F617C-C82A-43FC-BE50-65606D2861E7}.Release|Any CPU.ActiveCfg = Release|Any CPU
		{AF3F617C-C82A-43FC-BE50-65606D2861E7}.Release|Any CPU.Build.0 = Release|Any CPU
		{E6DB96BC-3C8C-4119-BACB-3A24E3E08B8E}.Debug|Any CPU.ActiveCfg = Debug|Any CPU
		{E6DB96BC-3C8C-4119-BACB-3A24E3E08B8E}.Debug|Any CPU.Build.0 = Debug|Any CPU
		{E6DB96BC-3C8C-4119-BACB-3A24E3E08B8E}.Release|Any CPU.ActiveCfg = Release|Any CPU
		{E6DB96BC-3C8C-4119-BACB-3A24E3E08B8E}.Release|Any CPU.Build.0 = Release|Any CPU
		{6819F5AB-9D32-4981-8B56-464492FA6B8E}.Debug|Any CPU.ActiveCfg = Debug|Any CPU
		{6819F5AB-9D32-4981-8B56-464492FA6B8E}.Debug|Any CPU.Build.0 = Debug|Any CPU
		{6819F5AB-9D32-4981-8B56-464492FA6B8E}.Release|Any CPU.ActiveCfg = Release|Any CPU
		{6819F5AB-9D32-4981-8B56-464492FA6B8E}.Release|Any CPU.Build.0 = Release|Any CPU
		{FE2457C2-1EBB-4869-A3D0-31F3FFB20D25}.Debug|Any CPU.ActiveCfg = Debug|Any CPU
		{FE2457C2-1EBB-4869-A3D0-31F3FFB20D25}.Debug|Any CPU.Build.0 = Debug|Any CPU
		{FE2457C2-1EBB-4869-A3D0-31F3FFB20D25}.Release|Any CPU.ActiveCfg = Release|Any CPU
		{FE2457C2-1EBB-4869-A3D0-31F3FFB20D25}.Release|Any CPU.Build.0 = Release|Any CPU
		{1351A5B4-8F88-4584-877C-AB6198DD5C9A}.Debug|Any CPU.ActiveCfg = Debug|Any CPU
		{1351A5B4-8F88-4584-877C-AB6198DD5C9A}.Debug|Any CPU.Build.0 = Debug|Any CPU
		{1351A5B4-8F88-4584-877C-AB6198DD5C9A}.Release|Any CPU.ActiveCfg = Release|Any CPU
		{1351A5B4-8F88-4584-877C-AB6198DD5C9A}.Release|Any CPU.Build.0 = Release|Any CPU
		{893A28BC-921D-4697-AA17-D133FD610640}.Debug|Any CPU.ActiveCfg = Debug|Any CPU
		{893A28BC-921D-4697-AA17-D133FD610640}.Debug|Any CPU.Build.0 = Debug|Any CPU
		{893A28BC-921D-4697-AA17-D133FD610640}.Release|Any CPU.ActiveCfg = Release|Any CPU
		{893A28BC-921D-4697-AA17-D133FD610640}.Release|Any CPU.Build.0 = Release|Any CPU
		{4E66E4BB-C870-4C94-86F6-588FA63CEB2D}.Debug|Any CPU.ActiveCfg = Debug|Any CPU
		{4E66E4BB-C870-4C94-86F6-588FA63CEB2D}.Debug|Any CPU.Build.0 = Debug|Any CPU
		{4E66E4BB-C870-4C94-86F6-588FA63CEB2D}.Release|Any CPU.ActiveCfg = Release|Any CPU
		{4E66E4BB-C870-4C94-86F6-588FA63CEB2D}.Release|Any CPU.Build.0 = Release|Any CPU
		{45F01223-EC98-451D-8C9F-91B13FCF1F17}.Debug|Any CPU.ActiveCfg = Debug|Any CPU
		{45F01223-EC98-451D-8C9F-91B13FCF1F17}.Debug|Any CPU.Build.0 = Debug|Any CPU
		{45F01223-EC98-451D-8C9F-91B13FCF1F17}.Release|Any CPU.ActiveCfg = Release|Any CPU
		{45F01223-EC98-451D-8C9F-91B13FCF1F17}.Release|Any CPU.Build.0 = Release|Any CPU
		{0B18B03A-9076-470B-A472-E12692F580FB}.Debug|Any CPU.ActiveCfg = Debug|Any CPU
		{0B18B03A-9076-470B-A472-E12692F580FB}.Debug|Any CPU.Build.0 = Debug|Any CPU
		{0B18B03A-9076-470B-A472-E12692F580FB}.Release|Any CPU.ActiveCfg = Release|Any CPU
		{0B18B03A-9076-470B-A472-E12692F580FB}.Release|Any CPU.Build.0 = Release|Any CPU
		{70ACAEFC-AAE3-40BA-B309-C676AD72B99B}.Debug|Any CPU.ActiveCfg = Debug|Any CPU
		{70ACAEFC-AAE3-40BA-B309-C676AD72B99B}.Debug|Any CPU.Build.0 = Debug|Any CPU
		{70ACAEFC-AAE3-40BA-B309-C676AD72B99B}.Release|Any CPU.ActiveCfg = Release|Any CPU
		{70ACAEFC-AAE3-40BA-B309-C676AD72B99B}.Release|Any CPU.Build.0 = Release|Any CPU
		{8C74A3DB-15B9-4AAC-88B0-065125010D57}.Debug|Any CPU.ActiveCfg = Debug|Any CPU
		{8C74A3DB-15B9-4AAC-88B0-065125010D57}.Debug|Any CPU.Build.0 = Debug|Any CPU
		{8C74A3DB-15B9-4AAC-88B0-065125010D57}.Release|Any CPU.ActiveCfg = Release|Any CPU
		{8C74A3DB-15B9-4AAC-88B0-065125010D57}.Release|Any CPU.Build.0 = Release|Any CPU
		{52A43465-5E2E-4CE5-89EF-289B4F797C23}.Debug|Any CPU.ActiveCfg = Debug|Any CPU
		{52A43465-5E2E-4CE5-89EF-289B4F797C23}.Debug|Any CPU.Build.0 = Debug|Any CPU
		{52A43465-5E2E-4CE5-89EF-289B4F797C23}.Release|Any CPU.ActiveCfg = Release|Any CPU
		{52A43465-5E2E-4CE5-89EF-289B4F797C23}.Release|Any CPU.Build.0 = Release|Any CPU
		{D0064448-AA38-4FEF-9C69-3DC29D662E4B}.Debug|Any CPU.ActiveCfg = Debug|Any CPU
		{D0064448-AA38-4FEF-9C69-3DC29D662E4B}.Debug|Any CPU.Build.0 = Debug|Any CPU
		{D0064448-AA38-4FEF-9C69-3DC29D662E4B}.Release|Any CPU.ActiveCfg = Release|Any CPU
		{D0064448-AA38-4FEF-9C69-3DC29D662E4B}.Release|Any CPU.Build.0 = Release|Any CPU
		{9C5578EB-B95B-49BF-AB77-209B11A7E866}.Debug|Any CPU.ActiveCfg = Debug|Any CPU
		{9C5578EB-B95B-49BF-AB77-209B11A7E866}.Debug|Any CPU.Build.0 = Debug|Any CPU
		{9C5578EB-B95B-49BF-AB77-209B11A7E866}.Release|Any CPU.ActiveCfg = Release|Any CPU
		{9C5578EB-B95B-49BF-AB77-209B11A7E866}.Release|Any CPU.Build.0 = Release|Any CPU
		{F954B890-F4DD-401F-83C7-3041553446AD}.Debug|Any CPU.ActiveCfg = Debug|Any CPU
		{F954B890-F4DD-401F-83C7-3041553446AD}.Debug|Any CPU.Build.0 = Debug|Any CPU
		{F954B890-F4DD-401F-83C7-3041553446AD}.Release|Any CPU.ActiveCfg = Release|Any CPU
		{F954B890-F4DD-401F-83C7-3041553446AD}.Release|Any CPU.Build.0 = Release|Any CPU
		{72C56F28-2C30-4CAC-B61E-6439B041DB26}.Debug|Any CPU.ActiveCfg = Debug|Any CPU
		{72C56F28-2C30-4CAC-B61E-6439B041DB26}.Debug|Any CPU.Build.0 = Debug|Any CPU
		{72C56F28-2C30-4CAC-B61E-6439B041DB26}.Release|Any CPU.ActiveCfg = Release|Any CPU
		{72C56F28-2C30-4CAC-B61E-6439B041DB26}.Release|Any CPU.Build.0 = Release|Any CPU
		{711CDEA5-1158-40F6-A1B0-AE3D90F495F3}.Debug|Any CPU.ActiveCfg = Debug|Any CPU
		{711CDEA5-1158-40F6-A1B0-AE3D90F495F3}.Debug|Any CPU.Build.0 = Debug|Any CPU
		{711CDEA5-1158-40F6-A1B0-AE3D90F495F3}.Release|Any CPU.ActiveCfg = Release|Any CPU
		{711CDEA5-1158-40F6-A1B0-AE3D90F495F3}.Release|Any CPU.Build.0 = Release|Any CPU
		{62F5C1EB-CBE6-4E6B-B5F2-8EC8FEB69260}.Debug|Any CPU.ActiveCfg = Debug|Any CPU
		{62F5C1EB-CBE6-4E6B-B5F2-8EC8FEB69260}.Debug|Any CPU.Build.0 = Debug|Any CPU
		{62F5C1EB-CBE6-4E6B-B5F2-8EC8FEB69260}.Release|Any CPU.ActiveCfg = Release|Any CPU
		{62F5C1EB-CBE6-4E6B-B5F2-8EC8FEB69260}.Release|Any CPU.Build.0 = Release|Any CPU
		{01CC54A8-B216-4CEA-81EA-C4ED289AB167}.Debug|Any CPU.ActiveCfg = Debug|Any CPU
		{01CC54A8-B216-4CEA-81EA-C4ED289AB167}.Debug|Any CPU.Build.0 = Debug|Any CPU
		{01CC54A8-B216-4CEA-81EA-C4ED289AB167}.Release|Any CPU.ActiveCfg = Release|Any CPU
		{01CC54A8-B216-4CEA-81EA-C4ED289AB167}.Release|Any CPU.Build.0 = Release|Any CPU
		{A55DA3B5-D6E0-4C83-94EB-A41204F28A06}.Debug|Any CPU.ActiveCfg = Debug|Any CPU
		{A55DA3B5-D6E0-4C83-94EB-A41204F28A06}.Debug|Any CPU.Build.0 = Debug|Any CPU
		{A55DA3B5-D6E0-4C83-94EB-A41204F28A06}.Release|Any CPU.ActiveCfg = Release|Any CPU
		{A55DA3B5-D6E0-4C83-94EB-A41204F28A06}.Release|Any CPU.Build.0 = Release|Any CPU
		{201B879C-8055-494A-AB34-4BEDB3D3940D}.Debug|Any CPU.ActiveCfg = Debug|Any CPU
		{201B879C-8055-494A-AB34-4BEDB3D3940D}.Debug|Any CPU.Build.0 = Debug|Any CPU
		{201B879C-8055-494A-AB34-4BEDB3D3940D}.Release|Any CPU.ActiveCfg = Release|Any CPU
		{201B879C-8055-494A-AB34-4BEDB3D3940D}.Release|Any CPU.Build.0 = Release|Any CPU
		{E1C69D07-EAE0-45AD-AA91-B3EC6A54BDD4}.Debug|Any CPU.ActiveCfg = Debug|Any CPU
		{E1C69D07-EAE0-45AD-AA91-B3EC6A54BDD4}.Debug|Any CPU.Build.0 = Debug|Any CPU
		{E1C69D07-EAE0-45AD-AA91-B3EC6A54BDD4}.Release|Any CPU.ActiveCfg = Release|Any CPU
		{E1C69D07-EAE0-45AD-AA91-B3EC6A54BDD4}.Release|Any CPU.Build.0 = Release|Any CPU
		{393423DA-EC85-4517-AB7E-ED0C206345DA}.Debug|Any CPU.ActiveCfg = Debug|Any CPU
		{393423DA-EC85-4517-AB7E-ED0C206345DA}.Debug|Any CPU.Build.0 = Debug|Any CPU
		{393423DA-EC85-4517-AB7E-ED0C206345DA}.Release|Any CPU.ActiveCfg = Release|Any CPU
		{393423DA-EC85-4517-AB7E-ED0C206345DA}.Release|Any CPU.Build.0 = Release|Any CPU
		{4697E19A-D627-4DCE-83A0-FBD1DEB479D6}.Debug|Any CPU.ActiveCfg = Debug|Any CPU
		{4697E19A-D627-4DCE-83A0-FBD1DEB479D6}.Debug|Any CPU.Build.0 = Debug|Any CPU
		{4697E19A-D627-4DCE-83A0-FBD1DEB479D6}.Release|Any CPU.ActiveCfg = Release|Any CPU
		{4697E19A-D627-4DCE-83A0-FBD1DEB479D6}.Release|Any CPU.Build.0 = Release|Any CPU
		{87606576-44F5-44F3-A67F-7AF8321102B9}.Debug|Any CPU.ActiveCfg = Debug|Any CPU
		{87606576-44F5-44F3-A67F-7AF8321102B9}.Debug|Any CPU.Build.0 = Debug|Any CPU
		{87606576-44F5-44F3-A67F-7AF8321102B9}.Release|Any CPU.ActiveCfg = Release|Any CPU
		{87606576-44F5-44F3-A67F-7AF8321102B9}.Release|Any CPU.Build.0 = Release|Any CPU
		{03423893-8371-43DC-A749-9C0497CF9D84}.Debug|Any CPU.ActiveCfg = Debug|Any CPU
		{03423893-8371-43DC-A749-9C0497CF9D84}.Debug|Any CPU.Build.0 = Debug|Any CPU
		{03423893-8371-43DC-A749-9C0497CF9D84}.Release|Any CPU.ActiveCfg = Release|Any CPU
		{03423893-8371-43DC-A749-9C0497CF9D84}.Release|Any CPU.Build.0 = Release|Any CPU
		{E74A106E-10C7-4DAE-A0CE-4227A29E0B0B}.Debug|Any CPU.ActiveCfg = Debug|Any CPU
		{E74A106E-10C7-4DAE-A0CE-4227A29E0B0B}.Debug|Any CPU.Build.0 = Debug|Any CPU
		{E74A106E-10C7-4DAE-A0CE-4227A29E0B0B}.Release|Any CPU.ActiveCfg = Release|Any CPU
		{E74A106E-10C7-4DAE-A0CE-4227A29E0B0B}.Release|Any CPU.Build.0 = Release|Any CPU
		{706B57FF-5AD7-452B-9F81-71E0AF6E0BD8}.Debug|Any CPU.ActiveCfg = Debug|Any CPU
		{706B57FF-5AD7-452B-9F81-71E0AF6E0BD8}.Debug|Any CPU.Build.0 = Debug|Any CPU
		{706B57FF-5AD7-452B-9F81-71E0AF6E0BD8}.Release|Any CPU.ActiveCfg = Release|Any CPU
		{706B57FF-5AD7-452B-9F81-71E0AF6E0BD8}.Release|Any CPU.Build.0 = Release|Any CPU
		{FECD38FD-56E5-402D-9F93-BDF5B04C1BF5}.Debug|Any CPU.ActiveCfg = Debug|Any CPU
		{FECD38FD-56E5-402D-9F93-BDF5B04C1BF5}.Debug|Any CPU.Build.0 = Debug|Any CPU
		{FECD38FD-56E5-402D-9F93-BDF5B04C1BF5}.Release|Any CPU.ActiveCfg = Release|Any CPU
		{FECD38FD-56E5-402D-9F93-BDF5B04C1BF5}.Release|Any CPU.Build.0 = Release|Any CPU
	EndGlobalSection
	GlobalSection(SolutionProperties) = preSolution
		HideSolutionNode = FALSE
	EndGlobalSection
	GlobalSection(ExtensibilityGlobals) = postSolution
		SolutionGuid = {0A10FBC9-6295-4D2F-9D94-B2E51442A1F3}
	EndGlobalSection
EndGlobal
