
Microsoft Visual Studio Solution File, Format Version 12.00
# Visual Studio Version 16
VisualStudioVersion = 16.0.31911.196
MinimumVisualStudioVersion = 10.0.40219.1
Project("{9A19103F-16F7-4668-BE54-9A1E7A4F7556}") = "Exe1Aula45", "ExeAula45\Exe1Aula45.csproj", "{93681A8E-12C9-4111-9686-A6C249D5E2F3}"
EndProject
Project("{9A19103F-16F7-4668-BE54-9A1E7A4F7556}") = "Exe2Aula45", "Exe2Aula45\Exe2Aula45.csproj", "{36DA8859-CA6E-41D8-86DF-4EF711A2BBE7}"
EndProject
Project("{9A19103F-16F7-4668-BE54-9A1E7A4F7556}") = "Exe3Aula45", "Exe3Aula45\Exe3Aula45.csproj", "{823C74A2-B955-4CDD-A098-917DFAC44C59}"
EndProject
Project("{9A19103F-16F7-4668-BE54-9A1E7A4F7556}") = "ExeAula48", "ExeAula48\ExeAula48.csproj", "{A428298D-721E-4067-B862-458440AEF177}"
EndProject
Project("{9A19103F-16F7-4668-BE54-9A1E7A4F7556}") = "ExeAula60", "ExeAula60\ExeAula60.csproj", "{5DBDA0C5-57F3-4656-B924-A55949D38BD9}"
EndProject
Project("{9A19103F-16F7-4668-BE54-9A1E7A4F7556}") = "ExeAula71", "ExeAula71\ExeAula71.csproj", "{4C1650FD-10F2-4B5D-88F8-BF2701E51C90}"
EndProject
Project("{9A19103F-16F7-4668-BE54-9A1E7A4F7556}") = "ExeAula78", "ExeAula78\ExeAula78.csproj", "{1B29139D-E251-418F-99E4-C3D3E92263DC}"
EndProject
Project("{9A19103F-16F7-4668-BE54-9A1E7A4F7556}") = "ExeAula80", "ExeAula80\ExeAula80.csproj", "{B2C41B06-0E19-425E-B18C-B99ADEAD8608}"
EndProject
Project("{9A19103F-16F7-4668-BE54-9A1E7A4F7556}") = "ExeAula81", "ExeAula81\ExeAula81.csproj", "{7AD32DCF-17CC-4DC9-B2C8-3ADFACBFA8FE}"
EndProject
Project("{9A19103F-16F7-4668-BE54-9A1E7A4F7556}") = "ExeAula120", "ExeAula120\ExeAula120.csproj", "{2B415C99-ED7C-4C6E-B106-3921BEF46F79}"
EndProject
Project("{9A19103F-16F7-4668-BE54-9A1E7A4F7556}") = "ExeAula122", "ExeAula122\ExeAula122.csproj", "{6E1FD8D7-5FC1-47C1-A884-065927B328E3}"
EndProject
Project("{9A19103F-16F7-4668-BE54-9A1E7A4F7556}") = "ExeAula123", "ExeAula123\ExeAula123.csproj", "{6F0D6650-5AB8-4299-B0D7-8A2632721223}"
EndProject
Project("{9A19103F-16F7-4668-BE54-9A1E7A4F7556}") = "ExeAula132", "ExeAula132\ExeAula132.csproj", "{C57A752C-DAEB-48FE-918B-0465926EAD07}"
EndProject
Project("{9A19103F-16F7-4668-BE54-9A1E7A4F7556}") = "ExeAula133", "ExeAula133\ExeAula133.csproj", "{43CE815A-E151-4BEF-837E-DA11C599B006}"
EndProject
Project("{9A19103F-16F7-4668-BE54-9A1E7A4F7556}") = "ExeAula136", "ExeAula136\ExeAula136.csproj", "{8E3876A6-8D1C-4255-805E-975AA91198D2}"
EndProject
Project("{9A19103F-16F7-4668-BE54-9A1E7A4F7556}") = "ExeAula137", "ExeAula137\ExeAula137.csproj", "{71626EA5-1C32-44F1-9268-F4754CE88081}"
EndProject
Project("{9A19103F-16F7-4668-BE54-9A1E7A4F7556}") = "ExeAula146", "ExeAula146\ExeAula146.csproj", "{1271A599-A641-4937-9444-0D20C8504C98}"
EndProject
Project("{9A19103F-16F7-4668-BE54-9A1E7A4F7556}") = "ExeAula192", "ExeAula192\ExeAula192.csproj", "{0A2170C8-EA18-4B9C-955E-2BA5A3E70A2F}"
EndProject
Project("{9A19103F-16F7-4668-BE54-9A1E7A4F7556}") = "ExeAula204", "ExeAula204\ExeAula204.csproj", "{561C5461-ABDC-4B9F-811A-4364E8C27B2E}"
EndProject
Project("{9A19103F-16F7-4668-BE54-9A1E7A4F7556}") = "ExeAula208", "ExeAula208\ExeAula208.csproj", "{0E2835C2-692D-4876-91E1-BD7983C47428}"
EndProject
Project("{9A19103F-16F7-4668-BE54-9A1E7A4F7556}") = "ExeAula220", "ExeAula220\ExeAula220.csproj", "{DCEBCDE9-FC40-485C-8DB1-71BCFA2CDB76}"
EndProject
Project("{9A19103F-16F7-4668-BE54-9A1E7A4F7556}") = "ExeAula221", "ExeAula221\ExeAula221.csproj", "{3082C533-A82E-4C62-AE87-8EE42FDAB093}"
EndProject
Project("{9A19103F-16F7-4668-BE54-9A1E7A4F7556}") = "ExeAula223", "ExeAula223\ExeAula223.csproj", "{323C86FB-B1D0-4454-8BB2-393514DF4772}"
EndProject
Project("{FAE04EC0-301F-11D3-BF4B-00C04F79EFBC}") = "ExeAula241", "ExeAula241\ExeAula241.csproj", "{C09BDF25-63BA-4178-A0F6-11DBE999958E}"
EndProject
Global
	GlobalSection(SolutionConfigurationPlatforms) = preSolution
		Debug|Any CPU = Debug|Any CPU
		Release|Any CPU = Release|Any CPU
	EndGlobalSection
	GlobalSection(ProjectConfigurationPlatforms) = postSolution
		{93681A8E-12C9-4111-9686-A6C249D5E2F3}.Debug|Any CPU.ActiveCfg = Debug|Any CPU
		{93681A8E-12C9-4111-9686-A6C249D5E2F3}.Debug|Any CPU.Build.0 = Debug|Any CPU
		{93681A8E-12C9-4111-9686-A6C249D5E2F3}.Release|Any CPU.ActiveCfg = Release|Any CPU
		{93681A8E-12C9-4111-9686-A6C249D5E2F3}.Release|Any CPU.Build.0 = Release|Any CPU
		{36DA8859-CA6E-41D8-86DF-4EF711A2BBE7}.Debug|Any CPU.ActiveCfg = Debug|Any CPU
		{36DA8859-CA6E-41D8-86DF-4EF711A2BBE7}.Debug|Any CPU.Build.0 = Debug|Any CPU
		{36DA8859-CA6E-41D8-86DF-4EF711A2BBE7}.Release|Any CPU.ActiveCfg = Release|Any CPU
		{36DA8859-CA6E-41D8-86DF-4EF711A2BBE7}.Release|Any CPU.Build.0 = Release|Any CPU
		{823C74A2-B955-4CDD-A098-917DFAC44C59}.Debug|Any CPU.ActiveCfg = Debug|Any CPU
		{823C74A2-B955-4CDD-A098-917DFAC44C59}.Debug|Any CPU.Build.0 = Debug|Any CPU
		{823C74A2-B955-4CDD-A098-917DFAC44C59}.Release|Any CPU.ActiveCfg = Release|Any CPU
		{823C74A2-B955-4CDD-A098-917DFAC44C59}.Release|Any CPU.Build.0 = Release|Any CPU
		{A428298D-721E-4067-B862-458440AEF177}.Debug|Any CPU.ActiveCfg = Debug|Any CPU
		{A428298D-721E-4067-B862-458440AEF177}.Debug|Any CPU.Build.0 = Debug|Any CPU
		{A428298D-721E-4067-B862-458440AEF177}.Release|Any CPU.ActiveCfg = Release|Any CPU
		{A428298D-721E-4067-B862-458440AEF177}.Release|Any CPU.Build.0 = Release|Any CPU
		{5DBDA0C5-57F3-4656-B924-A55949D38BD9}.Debug|Any CPU.ActiveCfg = Debug|Any CPU
		{5DBDA0C5-57F3-4656-B924-A55949D38BD9}.Debug|Any CPU.Build.0 = Debug|Any CPU
		{5DBDA0C5-57F3-4656-B924-A55949D38BD9}.Release|Any CPU.ActiveCfg = Release|Any CPU
		{5DBDA0C5-57F3-4656-B924-A55949D38BD9}.Release|Any CPU.Build.0 = Release|Any CPU
		{4C1650FD-10F2-4B5D-88F8-BF2701E51C90}.Debug|Any CPU.ActiveCfg = Debug|Any CPU
		{4C1650FD-10F2-4B5D-88F8-BF2701E51C90}.Debug|Any CPU.Build.0 = Debug|Any CPU
		{4C1650FD-10F2-4B5D-88F8-BF2701E51C90}.Release|Any CPU.ActiveCfg = Release|Any CPU
		{4C1650FD-10F2-4B5D-88F8-BF2701E51C90}.Release|Any CPU.Build.0 = Release|Any CPU
		{1B29139D-E251-418F-99E4-C3D3E92263DC}.Debug|Any CPU.ActiveCfg = Debug|Any CPU
		{1B29139D-E251-418F-99E4-C3D3E92263DC}.Debug|Any CPU.Build.0 = Debug|Any CPU
		{1B29139D-E251-418F-99E4-C3D3E92263DC}.Release|Any CPU.ActiveCfg = Release|Any CPU
		{1B29139D-E251-418F-99E4-C3D3E92263DC}.Release|Any CPU.Build.0 = Release|Any CPU
		{B2C41B06-0E19-425E-B18C-B99ADEAD8608}.Debug|Any CPU.ActiveCfg = Debug|Any CPU
		{B2C41B06-0E19-425E-B18C-B99ADEAD8608}.Debug|Any CPU.Build.0 = Debug|Any CPU
		{B2C41B06-0E19-425E-B18C-B99ADEAD8608}.Release|Any CPU.ActiveCfg = Release|Any CPU
		{B2C41B06-0E19-425E-B18C-B99ADEAD8608}.Release|Any CPU.Build.0 = Release|Any CPU
		{7AD32DCF-17CC-4DC9-B2C8-3ADFACBFA8FE}.Debug|Any CPU.ActiveCfg = Debug|Any CPU
		{7AD32DCF-17CC-4DC9-B2C8-3ADFACBFA8FE}.Debug|Any CPU.Build.0 = Debug|Any CPU
		{7AD32DCF-17CC-4DC9-B2C8-3ADFACBFA8FE}.Release|Any CPU.ActiveCfg = Release|Any CPU
		{7AD32DCF-17CC-4DC9-B2C8-3ADFACBFA8FE}.Release|Any CPU.Build.0 = Release|Any CPU
		{2B415C99-ED7C-4C6E-B106-3921BEF46F79}.Debug|Any CPU.ActiveCfg = Debug|Any CPU
		{2B415C99-ED7C-4C6E-B106-3921BEF46F79}.Debug|Any CPU.Build.0 = Debug|Any CPU
		{2B415C99-ED7C-4C6E-B106-3921BEF46F79}.Release|Any CPU.ActiveCfg = Release|Any CPU
		{2B415C99-ED7C-4C6E-B106-3921BEF46F79}.Release|Any CPU.Build.0 = Release|Any CPU
		{6E1FD8D7-5FC1-47C1-A884-065927B328E3}.Debug|Any CPU.ActiveCfg = Debug|Any CPU
		{6E1FD8D7-5FC1-47C1-A884-065927B328E3}.Debug|Any CPU.Build.0 = Debug|Any CPU
		{6E1FD8D7-5FC1-47C1-A884-065927B328E3}.Release|Any CPU.ActiveCfg = Release|Any CPU
		{6E1FD8D7-5FC1-47C1-A884-065927B328E3}.Release|Any CPU.Build.0 = Release|Any CPU
		{6F0D6650-5AB8-4299-B0D7-8A2632721223}.Debug|Any CPU.ActiveCfg = Debug|Any CPU
		{6F0D6650-5AB8-4299-B0D7-8A2632721223}.Debug|Any CPU.Build.0 = Debug|Any CPU
		{6F0D6650-5AB8-4299-B0D7-8A2632721223}.Release|Any CPU.ActiveCfg = Release|Any CPU
		{6F0D6650-5AB8-4299-B0D7-8A2632721223}.Release|Any CPU.Build.0 = Release|Any CPU
		{C57A752C-DAEB-48FE-918B-0465926EAD07}.Debug|Any CPU.ActiveCfg = Debug|Any CPU
		{C57A752C-DAEB-48FE-918B-0465926EAD07}.Debug|Any CPU.Build.0 = Debug|Any CPU
		{C57A752C-DAEB-48FE-918B-0465926EAD07}.Release|Any CPU.ActiveCfg = Release|Any CPU
		{C57A752C-DAEB-48FE-918B-0465926EAD07}.Release|Any CPU.Build.0 = Release|Any CPU
		{43CE815A-E151-4BEF-837E-DA11C599B006}.Debug|Any CPU.ActiveCfg = Debug|Any CPU
		{43CE815A-E151-4BEF-837E-DA11C599B006}.Debug|Any CPU.Build.0 = Debug|Any CPU
		{43CE815A-E151-4BEF-837E-DA11C599B006}.Release|Any CPU.ActiveCfg = Release|Any CPU
		{43CE815A-E151-4BEF-837E-DA11C599B006}.Release|Any CPU.Build.0 = Release|Any CPU
		{8E3876A6-8D1C-4255-805E-975AA91198D2}.Debug|Any CPU.ActiveCfg = Debug|Any CPU
		{8E3876A6-8D1C-4255-805E-975AA91198D2}.Debug|Any CPU.Build.0 = Debug|Any CPU
		{8E3876A6-8D1C-4255-805E-975AA91198D2}.Release|Any CPU.ActiveCfg = Release|Any CPU
		{8E3876A6-8D1C-4255-805E-975AA91198D2}.Release|Any CPU.Build.0 = Release|Any CPU
		{71626EA5-1C32-44F1-9268-F4754CE88081}.Debug|Any CPU.ActiveCfg = Debug|Any CPU
		{71626EA5-1C32-44F1-9268-F4754CE88081}.Debug|Any CPU.Build.0 = Debug|Any CPU
		{71626EA5-1C32-44F1-9268-F4754CE88081}.Release|Any CPU.ActiveCfg = Release|Any CPU
		{71626EA5-1C32-44F1-9268-F4754CE88081}.Release|Any CPU.Build.0 = Release|Any CPU
		{1271A599-A641-4937-9444-0D20C8504C98}.Debug|Any CPU.ActiveCfg = Debug|Any CPU
		{1271A599-A641-4937-9444-0D20C8504C98}.Debug|Any CPU.Build.0 = Debug|Any CPU
		{1271A599-A641-4937-9444-0D20C8504C98}.Release|Any CPU.ActiveCfg = Release|Any CPU
		{1271A599-A641-4937-9444-0D20C8504C98}.Release|Any CPU.Build.0 = Release|Any CPU
		{0A2170C8-EA18-4B9C-955E-2BA5A3E70A2F}.Debug|Any CPU.ActiveCfg = Debug|Any CPU
		{0A2170C8-EA18-4B9C-955E-2BA5A3E70A2F}.Debug|Any CPU.Build.0 = Debug|Any CPU
		{0A2170C8-EA18-4B9C-955E-2BA5A3E70A2F}.Release|Any CPU.ActiveCfg = Release|Any CPU
		{0A2170C8-EA18-4B9C-955E-2BA5A3E70A2F}.Release|Any CPU.Build.0 = Release|Any CPU
		{561C5461-ABDC-4B9F-811A-4364E8C27B2E}.Debug|Any CPU.ActiveCfg = Debug|Any CPU
		{561C5461-ABDC-4B9F-811A-4364E8C27B2E}.Debug|Any CPU.Build.0 = Debug|Any CPU
		{561C5461-ABDC-4B9F-811A-4364E8C27B2E}.Release|Any CPU.ActiveCfg = Release|Any CPU
		{561C5461-ABDC-4B9F-811A-4364E8C27B2E}.Release|Any CPU.Build.0 = Release|Any CPU
		{0E2835C2-692D-4876-91E1-BD7983C47428}.Debug|Any CPU.ActiveCfg = Debug|Any CPU
		{0E2835C2-692D-4876-91E1-BD7983C47428}.Debug|Any CPU.Build.0 = Debug|Any CPU
		{0E2835C2-692D-4876-91E1-BD7983C47428}.Release|Any CPU.ActiveCfg = Release|Any CPU
		{0E2835C2-692D-4876-91E1-BD7983C47428}.Release|Any CPU.Build.0 = Release|Any CPU
		{DCEBCDE9-FC40-485C-8DB1-71BCFA2CDB76}.Debug|Any CPU.ActiveCfg = Debug|Any CPU
		{DCEBCDE9-FC40-485C-8DB1-71BCFA2CDB76}.Debug|Any CPU.Build.0 = Debug|Any CPU
		{DCEBCDE9-FC40-485C-8DB1-71BCFA2CDB76}.Release|Any CPU.ActiveCfg = Release|Any CPU
		{DCEBCDE9-FC40-485C-8DB1-71BCFA2CDB76}.Release|Any CPU.Build.0 = Release|Any CPU
		{3082C533-A82E-4C62-AE87-8EE42FDAB093}.Debug|Any CPU.ActiveCfg = Debug|Any CPU
		{3082C533-A82E-4C62-AE87-8EE42FDAB093}.Debug|Any CPU.Build.0 = Debug|Any CPU
		{3082C533-A82E-4C62-AE87-8EE42FDAB093}.Release|Any CPU.ActiveCfg = Release|Any CPU
		{3082C533-A82E-4C62-AE87-8EE42FDAB093}.Release|Any CPU.Build.0 = Release|Any CPU
		{323C86FB-B1D0-4454-8BB2-393514DF4772}.Debug|Any CPU.ActiveCfg = Debug|Any CPU
		{323C86FB-B1D0-4454-8BB2-393514DF4772}.Debug|Any CPU.Build.0 = Debug|Any CPU
		{323C86FB-B1D0-4454-8BB2-393514DF4772}.Release|Any CPU.ActiveCfg = Release|Any CPU
		{323C86FB-B1D0-4454-8BB2-393514DF4772}.Release|Any CPU.Build.0 = Release|Any CPU
		{C09BDF25-63BA-4178-A0F6-11DBE999958E}.Debug|Any CPU.ActiveCfg = Debug|Any CPU
		{C09BDF25-63BA-4178-A0F6-11DBE999958E}.Debug|Any CPU.Build.0 = Debug|Any CPU
		{C09BDF25-63BA-4178-A0F6-11DBE999958E}.Release|Any CPU.ActiveCfg = Release|Any CPU
		{C09BDF25-63BA-4178-A0F6-11DBE999958E}.Release|Any CPU.Build.0 = Release|Any CPU
	EndGlobalSection
	GlobalSection(SolutionProperties) = preSolution
		HideSolutionNode = FALSE
	EndGlobalSection
	GlobalSection(ExtensibilityGlobals) = postSolution
		SolutionGuid = {132CCBD1-4FBD-4A87-9D93-C19304248212}
	EndGlobalSection
EndGlobal
